
Microsoft Visual Studio Solution File, Format Version 12.00
# Visual Studio 15
VisualStudioVersion = 15.0.26730.12
MinimumVisualStudioVersion = 10.0.40219.1
Project("{FAE04EC0-301F-11D3-BF4B-00C04F79EFBC}") = "Assgn4", "Assgn4\Assgn4.csproj", "{F725DD7C-4AC9-4CBD-8AF4-F5F1DCD4DF03}"
EndProject
Global
	GlobalSection(SolutionConfigurationPlatforms) = preSolution
		Debug|Any CPU = Debug|Any CPU
		Release|Any CPU = Release|Any CPU
	EndGlobalSection
	GlobalSection(ProjectConfigurationPlatforms) = postSolution
		{F725DD7C-4AC9-4CBD-8AF4-F5F1DCD4DF03}.Debug|Any CPU.ActiveCfg = Debug|Any CPU
		{F725DD7C-4AC9-4CBD-8AF4-F5F1DCD4DF03}.Debug|Any CPU.Build.0 = Debug|Any CPU
		{F725DD7C-4AC9-4CBD-8AF4-F5F1DCD4DF03}.Release|Any CPU.ActiveCfg = Release|Any CPU
		{F725DD7C-4AC9-4CBD-8AF4-F5F1DCD4DF03}.Release|Any CPU.Build.0 = Release|Any CPU
	EndGlobalSection
	GlobalSection(SolutionProperties) = preSolution
		HideSolutionNode = FALSE
	EndGlobalSection
	GlobalSection(ExtensibilityGlobals) = postSolution
		SolutionGuid = {68FC2795-C4CB-4801-9450-E64A0A43830B}
	EndGlobalSection
EndGlobal
